
Microsoft Visual Studio Solution File, Format Version 12.00
# Visual Studio Version 16
VisualStudioVersion = 16.0.29911.84
MinimumVisualStudioVersion = 10.0.40219.1
Project("{FAE04EC0-301F-11D3-BF4B-00C04F79EFBC}") = "U3_AP34", "U3_AP34\U3_AP34.csproj", "{1CDDFDAC-AEFE-4CF1-A193-A47BC57A24A7}"
EndProject
Global
	GlobalSection(SolutionConfigurationPlatforms) = preSolution
		Debug|Any CPU = Debug|Any CPU
		Release|Any CPU = Release|Any CPU
	EndGlobalSection
	GlobalSection(ProjectConfigurationPlatforms) = postSolution
		{1CDDFDAC-AEFE-4CF1-A193-A47BC57A24A7}.Debug|Any CPU.ActiveCfg = Debug|Any CPU
		{1CDDFDAC-AEFE-4CF1-A193-A47BC57A24A7}.Debug|Any CPU.Build.0 = Debug|Any CPU
		{1CDDFDAC-AEFE-4CF1-A193-A47BC57A24A7}.Release|Any CPU.ActiveCfg = Release|Any CPU
		{1CDDFDAC-AEFE-4CF1-A193-A47BC57A24A7}.Release|Any CPU.Build.0 = Release|Any CPU
	EndGlobalSection
	GlobalSection(SolutionProperties) = preSolution
		HideSolutionNode = FALSE
	EndGlobalSection
	GlobalSection(ExtensibilityGlobals) = postSolution
		SolutionGuid = {F68368FA-F884-4066-BB4E-8203A7D5AAB5}
	EndGlobalSection
EndGlobal
